
Microsoft Visual Studio Solution File, Format Version 12.00
# Visual Studio Version 17
VisualStudioVersion = 17.6.33723.286
MinimumVisualStudioVersion = 10.0.40219.1
Project("{FAE04EC0-301F-11D3-BF4B-00C04F79EFBC}") = "ToDoList", "ToDoList\ToDoList.csproj", "{A783B3C7-A091-4EE8-B05B-0A9E40CBCE82}"
EndProject
Project("{FAE04EC0-301F-11D3-BF4B-00C04F79EFBC}") = "MVVMTools", "MVVMTools\MVVMTools.csproj", "{D3C53AE9-8EFA-4C9A-9B8C-3F9BD1D93E58}"
EndProject
Global
	GlobalSection(SolutionConfigurationPlatforms) = preSolution
		Debug|Any CPU = Debug|Any CPU
		Release|Any CPU = Release|Any CPU
	EndGlobalSection
	GlobalSection(ProjectConfigurationPlatforms) = postSolution
		{A783B3C7-A091-4EE8-B05B-0A9E40CBCE82}.Debug|Any CPU.ActiveCfg = Debug|Any CPU
		{A783B3C7-A091-4EE8-B05B-0A9E40CBCE82}.Debug|Any CPU.Build.0 = Debug|Any CPU
		{A783B3C7-A091-4EE8-B05B-0A9E40CBCE82}.Release|Any CPU.ActiveCfg = Release|Any CPU
		{A783B3C7-A091-4EE8-B05B-0A9E40CBCE82}.Release|Any CPU.Build.0 = Release|Any CPU
		{D3C53AE9-8EFA-4C9A-9B8C-3F9BD1D93E58}.Debug|Any CPU.ActiveCfg = Debug|Any CPU
		{D3C53AE9-8EFA-4C9A-9B8C-3F9BD1D93E58}.Debug|Any CPU.Build.0 = Debug|Any CPU
		{D3C53AE9-8EFA-4C9A-9B8C-3F9BD1D93E58}.Release|Any CPU.ActiveCfg = Release|Any CPU
		{D3C53AE9-8EFA-4C9A-9B8C-3F9BD1D93E58}.Release|Any CPU.Build.0 = Release|Any CPU
	EndGlobalSection
	GlobalSection(SolutionProperties) = preSolution
		HideSolutionNode = FALSE
	EndGlobalSection
	GlobalSection(ExtensibilityGlobals) = postSolution
		SolutionGuid = {96FBB676-0E40-46A5-B57D-B56339F3E32D}
	EndGlobalSection
EndGlobal
